// !$*UTF8*$!
{
	archiveVersion = 1;
	classes = {
	};
	objectVersion = 55;
	objects = {

/* Begin PBXBuildFile section */
		A11A44BD27B8568E00094284 /* WeatherDataTests.swift in Sources */ = {isa = PBXBuildFile; fileRef = A11A44BC27B8568E00094284 /* WeatherDataTests.swift */; };
		A11A44C427B85A9F00094284 /* DayTests.swift in Sources */ = {isa = PBXBuildFile; fileRef = A11A44C327B85A9F00094284 /* DayTests.swift */; };
		A11A44C727B85F1A00094284 /* WeatherDetailsViewModel.swift in Sources */ = {isa = PBXBuildFile; fileRef = A11A44C627B85F1A00094284 /* WeatherDetailsViewModel.swift */; };
		A11A44C927B866E600094284 /* DownloadDataManagerTests.swift in Sources */ = {isa = PBXBuildFile; fileRef = A11A44C827B866E600094284 /* DownloadDataManagerTests.swift */; };
		A175F2C327AAC9450085C17D /* WeatherDayView.swift in Sources */ = {isa = PBXBuildFile; fileRef = A175F2C227AAC9450085C17D /* WeatherDayView.swift */; };
		A175F2C527AAC9880085C17D /* CityTextView.swift in Sources */ = {isa = PBXBuildFile; fileRef = A175F2C427AAC9880085C17D /* CityTextView.swift */; };
		A175F2C727AAC9BF0085C17D /* MainWeatherIconView.swift in Sources */ = {isa = PBXBuildFile; fileRef = A175F2C627AAC9BF0085C17D /* MainWeatherIconView.swift */; };
		A175F2C927AAC9FC0085C17D /* BackgroundView.swift in Sources */ = {isa = PBXBuildFile; fileRef = A175F2C827AAC9FC0085C17D /* BackgroundView.swift */; };
		A17C6F7527A9B19400AC62AA /* Weather_displayerApp.swift in Sources */ = {isa = PBXBuildFile; fileRef = A17C6F7427A9B19400AC62AA /* Weather_displayerApp.swift */; };
		A17C6F7727A9B19400AC62AA /* WeatherView.swift in Sources */ = {isa = PBXBuildFile; fileRef = A17C6F7627A9B19400AC62AA /* WeatherView.swift */; };
		A17C6F7927A9B19500AC62AA /* Assets.xcassets in Resources */ = {isa = PBXBuildFile; fileRef = A17C6F7827A9B19500AC62AA /* Assets.xcassets */; };
		A17C6F7C27A9B19500AC62AA /* Preview Assets.xcassets in Resources */ = {isa = PBXBuildFile; fileRef = A17C6F7B27A9B19500AC62AA /* Preview Assets.xcassets */; };
		A17C6F8327A9B1CA00AC62AA /* WeatherButtonView.swift in Sources */ = {isa = PBXBuildFile; fileRef = A17C6F8227A9B1CA00AC62AA /* WeatherButtonView.swift */; };
		A17C6F8A27A9B76700AC62AA /* WeatherViewModel.swift in Sources */ = {isa = PBXBuildFile; fileRef = A17C6F8927A9B76700AC62AA /* WeatherViewModel.swift */; };
		A17C6F8C27A9B7B400AC62AA /* WeatherData.swift in Sources */ = {isa = PBXBuildFile; fileRef = A17C6F8B27A9B7B400AC62AA /* WeatherData.swift */; };
		A17C6F8E27A9CAA400AC62AA /* DownloadDataManager.swift in Sources */ = {isa = PBXBuildFile; fileRef = A17C6F8D27A9CAA400AC62AA /* DownloadDataManager.swift */; };
		A17C6F9027A9D8FF00AC62AA /* WeatherIcons.swift in Sources */ = {isa = PBXBuildFile; fileRef = A17C6F8F27A9D8FF00AC62AA /* WeatherIcons.swift */; };
		A1A87A9A27BC23EF0086807B /* Assets.xcassets in Resources */ = {isa = PBXBuildFile; fileRef = A1A87A9927BC23EF0086807B /* Assets.xcassets */; };
		A1A87AA027BC23EF0086807B /* WatchIntegration WatchKit Extension.appex in Embed App Extensions */ = {isa = PBXBuildFile; fileRef = A1A87A9F27BC23EF0086807B /* WatchIntegration WatchKit Extension.appex */; settings = {ATTRIBUTES = (RemoveHeadersOnCopy, ); }; };
		A1A87AA527BC23EF0086807B /* WeatherView.swift in Sources */ = {isa = PBXBuildFile; fileRef = A1A87AA427BC23EF0086807B /* WeatherView.swift */; };
		A1A87AA727BC23EF0086807B /* Weather_displayerApp.swift in Sources */ = {isa = PBXBuildFile; fileRef = A1A87AA627BC23EF0086807B /* Weather_displayerApp.swift */; };
		A1A87AA927BC23EF0086807B /* ComplicationController.swift in Sources */ = {isa = PBXBuildFile; fileRef = A1A87AA827BC23EF0086807B /* ComplicationController.swift */; };
		A1A87AAB27BC23F00086807B /* Assets.xcassets in Resources */ = {isa = PBXBuildFile; fileRef = A1A87AAA27BC23F00086807B /* Assets.xcassets */; };
		A1A87AAE27BC23F00086807B /* Preview Assets.xcassets in Resources */ = {isa = PBXBuildFile; fileRef = A1A87AAD27BC23F00086807B /* Preview Assets.xcassets */; };
		A1A87AB227BC23F00086807B /* WatchIntegration.app in Embed Watch Content */ = {isa = PBXBuildFile; fileRef = A1A87A9727BC23EC0086807B /* WatchIntegration.app */; settings = {ATTRIBUTES = (RemoveHeadersOnCopy, ); }; };
		A1A87ABB27BC24540086807B /* DownloadDataManager.swift in Sources */ = {isa = PBXBuildFile; fileRef = A17C6F8D27A9CAA400AC62AA /* DownloadDataManager.swift */; };
		A1A87ABC27BC24AC0086807B /* WeatherData.swift in Sources */ = {isa = PBXBuildFile; fileRef = A17C6F8B27A9B7B400AC62AA /* WeatherData.swift */; };
		A1A87ABD27BC24AC0086807B /* Day.swift in Sources */ = {isa = PBXBuildFile; fileRef = A1E402F727B6D90B006B55DD /* Day.swift */; };
		A1A87ABE27BC24AC0086807B /* WeatherIcons.swift in Sources */ = {isa = PBXBuildFile; fileRef = A17C6F8F27A9D8FF00AC62AA /* WeatherIcons.swift */; };
		A1A87AC127BC26E20086807B /* WeatherViewModel.swift in Sources */ = {isa = PBXBuildFile; fileRef = A1A87AC027BC26E20086807B /* WeatherViewModel.swift */; };
		A1A87AC427BC2D380086807B /* WeatherDataElement.swift in Sources */ = {isa = PBXBuildFile; fileRef = A1A87AC327BC2D380086807B /* WeatherDataElement.swift */; };
		A1E402F827B6D90B006B55DD /* Day.swift in Sources */ = {isa = PBXBuildFile; fileRef = A1E402F727B6D90B006B55DD /* Day.swift */; };
		A1E402FA27B6ED55006B55DD /* WeatherDetailsView.swift in Sources */ = {isa = PBXBuildFile; fileRef = A1E402F927B6ED55006B55DD /* WeatherDetailsView.swift */; };
		A1E402FC27B6F7A1006B55DD /* WeatherDetailsViewElement.swift in Sources */ = {isa = PBXBuildFile; fileRef = A1E402FB27B6F7A1006B55DD /* WeatherDetailsViewElement.swift */; };
/* End PBXBuildFile section */

/* Begin PBXContainerItemProxy section */
		A11A44BE27B8568E00094284 /* PBXContainerItemProxy */ = {
			isa = PBXContainerItemProxy;
			containerPortal = A17C6F6927A9B19400AC62AA /* Project object */;
			proxyType = 1;
			remoteGlobalIDString = A17C6F7027A9B19400AC62AA;
			remoteInfo = "Weather displayer";
		};
		A1A87AA127BC23EF0086807B /* PBXContainerItemProxy */ = {
			isa = PBXContainerItemProxy;
			containerPortal = A17C6F6927A9B19400AC62AA /* Project object */;
			proxyType = 1;
			remoteGlobalIDString = A1A87A9E27BC23EF0086807B;
			remoteInfo = "WatchIntegration WatchKit Extension";
		};
		A1A87AB027BC23F00086807B /* PBXContainerItemProxy */ = {
			isa = PBXContainerItemProxy;
			containerPortal = A17C6F6927A9B19400AC62AA /* Project object */;
			proxyType = 1;
			remoteGlobalIDString = A1A87A9627BC23EC0086807B;
			remoteInfo = WatchIntegration;
		};
/* End PBXContainerItemProxy section */

/* Begin PBXCopyFilesBuildPhase section */
		A1A87AB327BC23F00086807B /* Embed Watch Content */ = {
			isa = PBXCopyFilesBuildPhase;
			buildActionMask = 2147483647;
			dstPath = "$(CONTENTS_FOLDER_PATH)/Watch";
			dstSubfolderSpec = 16;
			files = (
				A1A87AB227BC23F00086807B /* WatchIntegration.app in Embed Watch Content */,
			);
			name = "Embed Watch Content";
			runOnlyForDeploymentPostprocessing = 0;
		};
		A1A87AB627BC23F00086807B /* Embed App Extensions */ = {
			isa = PBXCopyFilesBuildPhase;
			buildActionMask = 2147483647;
			dstPath = "";
			dstSubfolderSpec = 13;
			files = (
				A1A87AA027BC23EF0086807B /* WatchIntegration WatchKit Extension.appex in Embed App Extensions */,
			);
			name = "Embed App Extensions";
			runOnlyForDeploymentPostprocessing = 0;
		};
/* End PBXCopyFilesBuildPhase section */

/* Begin PBXFileReference section */
		A11A44BA27B8568E00094284 /* Weather displayerTests.xctest */ = {isa = PBXFileReference; explicitFileType = wrapper.cfbundle; includeInIndex = 0; path = "Weather displayerTests.xctest"; sourceTree = BUILT_PRODUCTS_DIR; };
		A11A44BC27B8568E00094284 /* WeatherDataTests.swift */ = {isa = PBXFileReference; lastKnownFileType = sourcecode.swift; path = WeatherDataTests.swift; sourceTree = "<group>"; };
		A11A44C327B85A9F00094284 /* DayTests.swift */ = {isa = PBXFileReference; lastKnownFileType = sourcecode.swift; path = DayTests.swift; sourceTree = "<group>"; };
		A11A44C627B85F1A00094284 /* WeatherDetailsViewModel.swift */ = {isa = PBXFileReference; lastKnownFileType = sourcecode.swift; path = WeatherDetailsViewModel.swift; sourceTree = "<group>"; };
		A11A44C827B866E600094284 /* DownloadDataManagerTests.swift */ = {isa = PBXFileReference; lastKnownFileType = sourcecode.swift; path = DownloadDataManagerTests.swift; sourceTree = "<group>"; };
		A175F2C227AAC9450085C17D /* WeatherDayView.swift */ = {isa = PBXFileReference; lastKnownFileType = sourcecode.swift; path = WeatherDayView.swift; sourceTree = "<group>"; };
		A175F2C427AAC9880085C17D /* CityTextView.swift */ = {isa = PBXFileReference; lastKnownFileType = sourcecode.swift; path = CityTextView.swift; sourceTree = "<group>"; };
		A175F2C627AAC9BF0085C17D /* MainWeatherIconView.swift */ = {isa = PBXFileReference; lastKnownFileType = sourcecode.swift; path = MainWeatherIconView.swift; sourceTree = "<group>"; };
		A175F2C827AAC9FC0085C17D /* BackgroundView.swift */ = {isa = PBXFileReference; lastKnownFileType = sourcecode.swift; path = BackgroundView.swift; sourceTree = "<group>"; };
		A17C6F7127A9B19400AC62AA /* Weather displayer.app */ = {isa = PBXFileReference; explicitFileType = wrapper.application; includeInIndex = 0; path = "Weather displayer.app"; sourceTree = BUILT_PRODUCTS_DIR; };
		A17C6F7427A9B19400AC62AA /* Weather_displayerApp.swift */ = {isa = PBXFileReference; lastKnownFileType = sourcecode.swift; path = Weather_displayerApp.swift; sourceTree = "<group>"; };
		A17C6F7627A9B19400AC62AA /* WeatherView.swift */ = {isa = PBXFileReference; lastKnownFileType = sourcecode.swift; path = WeatherView.swift; sourceTree = "<group>"; };
		A17C6F7827A9B19500AC62AA /* Assets.xcassets */ = {isa = PBXFileReference; lastKnownFileType = folder.assetcatalog; path = Assets.xcassets; sourceTree = "<group>"; };
		A17C6F7B27A9B19500AC62AA /* Preview Assets.xcassets */ = {isa = PBXFileReference; lastKnownFileType = folder.assetcatalog; path = "Preview Assets.xcassets"; sourceTree = "<group>"; };
		A17C6F8227A9B1CA00AC62AA /* WeatherButtonView.swift */ = {isa = PBXFileReference; lastKnownFileType = sourcecode.swift; path = WeatherButtonView.swift; sourceTree = "<group>"; };
		A17C6F8927A9B76700AC62AA /* WeatherViewModel.swift */ = {isa = PBXFileReference; lastKnownFileType = sourcecode.swift; path = WeatherViewModel.swift; sourceTree = "<group>"; };
		A17C6F8B27A9B7B400AC62AA /* WeatherData.swift */ = {isa = PBXFileReference; lastKnownFileType = sourcecode.swift; path = WeatherData.swift; sourceTree = "<group>"; };
		A17C6F8D27A9CAA400AC62AA /* DownloadDataManager.swift */ = {isa = PBXFileReference; lastKnownFileType = sourcecode.swift; path = DownloadDataManager.swift; sourceTree = "<group>"; };
		A17C6F8F27A9D8FF00AC62AA /* WeatherIcons.swift */ = {isa = PBXFileReference; lastKnownFileType = sourcecode.swift; path = WeatherIcons.swift; sourceTree = "<group>"; };
		A1A87A9727BC23EC0086807B /* WatchIntegration.app */ = {isa = PBXFileReference; explicitFileType = wrapper.application; includeInIndex = 0; path = WatchIntegration.app; sourceTree = BUILT_PRODUCTS_DIR; };
		A1A87A9927BC23EF0086807B /* Assets.xcassets */ = {isa = PBXFileReference; lastKnownFileType = folder.assetcatalog; path = Assets.xcassets; sourceTree = "<group>"; };
		A1A87A9F27BC23EF0086807B /* WatchIntegration WatchKit Extension.appex */ = {isa = PBXFileReference; explicitFileType = "wrapper.app-extension"; includeInIndex = 0; path = "WatchIntegration WatchKit Extension.appex"; sourceTree = BUILT_PRODUCTS_DIR; };
		A1A87AA427BC23EF0086807B /* WeatherView.swift */ = {isa = PBXFileReference; lastKnownFileType = sourcecode.swift; path = WeatherView.swift; sourceTree = "<group>"; };
		A1A87AA627BC23EF0086807B /* Weather_displayerApp.swift */ = {isa = PBXFileReference; lastKnownFileType = sourcecode.swift; path = Weather_displayerApp.swift; sourceTree = "<group>"; };
		A1A87AA827BC23EF0086807B /* ComplicationController.swift */ = {isa = PBXFileReference; lastKnownFileType = sourcecode.swift; path = ComplicationController.swift; sourceTree = "<group>"; };
		A1A87AAA27BC23F00086807B /* Assets.xcassets */ = {isa = PBXFileReference; lastKnownFileType = folder.assetcatalog; path = Assets.xcassets; sourceTree = "<group>"; };
		A1A87AAD27BC23F00086807B /* Preview Assets.xcassets */ = {isa = PBXFileReference; lastKnownFileType = folder.assetcatalog; path = "Preview Assets.xcassets"; sourceTree = "<group>"; };
		A1A87AAF27BC23F00086807B /* Info.plist */ = {isa = PBXFileReference; lastKnownFileType = text.plist.xml; path = Info.plist; sourceTree = "<group>"; };
		A1A87AC027BC26E20086807B /* WeatherViewModel.swift */ = {isa = PBXFileReference; lastKnownFileType = sourcecode.swift; path = WeatherViewModel.swift; sourceTree = "<group>"; };
		A1A87AC327BC2D380086807B /* WeatherDataElement.swift */ = {isa = PBXFileReference; lastKnownFileType = sourcecode.swift; path = WeatherDataElement.swift; sourceTree = "<group>"; };
		A1E402F727B6D90B006B55DD /* Day.swift */ = {isa = PBXFileReference; lastKnownFileType = sourcecode.swift; path = Day.swift; sourceTree = "<group>"; };
		A1E402F927B6ED55006B55DD /* WeatherDetailsView.swift */ = {isa = PBXFileReference; lastKnownFileType = sourcecode.swift; path = WeatherDetailsView.swift; sourceTree = "<group>"; };
		A1E402FB27B6F7A1006B55DD /* WeatherDetailsViewElement.swift */ = {isa = PBXFileReference; lastKnownFileType = sourcecode.swift; path = WeatherDetailsViewElement.swift; sourceTree = "<group>"; };
/* End PBXFileReference section */

/* Begin PBXFrameworksBuildPhase section */
		A11A44B727B8568E00094284 /* Frameworks */ = {
			isa = PBXFrameworksBuildPhase;
			buildActionMask = 2147483647;
			files = (
			);
			runOnlyForDeploymentPostprocessing = 0;
		};
		A17C6F6E27A9B19400AC62AA /* Frameworks */ = {
			isa = PBXFrameworksBuildPhase;
			buildActionMask = 2147483647;
			files = (
			);
			runOnlyForDeploymentPostprocessing = 0;
		};
		A1A87A9C27BC23EF0086807B /* Frameworks */ = {
			isa = PBXFrameworksBuildPhase;
			buildActionMask = 2147483647;
			files = (
			);
			runOnlyForDeploymentPostprocessing = 0;
		};
/* End PBXFrameworksBuildPhase section */

/* Begin PBXGroup section */
		A11A44BB27B8568E00094284 /* Weather displayerTests */ = {
			isa = PBXGroup;
			children = (
				A11A44BC27B8568E00094284 /* WeatherDataTests.swift */,
				A11A44C327B85A9F00094284 /* DayTests.swift */,
				A11A44C827B866E600094284 /* DownloadDataManagerTests.swift */,
			);
			path = "Weather displayerTests";
			sourceTree = "<group>";
		};
		A11A44C527B85EF600094284 /* WeatherDetailsView */ = {
			isa = PBXGroup;
			children = (
				A1E402F927B6ED55006B55DD /* WeatherDetailsView.swift */,
				A11A44C627B85F1A00094284 /* WeatherDetailsViewModel.swift */,
			);
			path = WeatherDetailsView;
			sourceTree = "<group>";
		};
		A17C6F6827A9B19400AC62AA = {
			isa = PBXGroup;
			children = (
				A17C6F7327A9B19400AC62AA /* Weather displayer */,
				A11A44BB27B8568E00094284 /* Weather displayerTests */,
				A1A87A9827BC23EC0086807B /* WatchIntegration */,
				A1A87AA327BC23EF0086807B /* WatchIntegration WatchKit Extension */,
				A17C6F7227A9B19400AC62AA /* Products */,
			);
			sourceTree = "<group>";
		};
		A17C6F7227A9B19400AC62AA /* Products */ = {
			isa = PBXGroup;
			children = (
				A17C6F7127A9B19400AC62AA /* Weather displayer.app */,
				A11A44BA27B8568E00094284 /* Weather displayerTests.xctest */,
				A1A87A9727BC23EC0086807B /* WatchIntegration.app */,
				A1A87A9F27BC23EF0086807B /* WatchIntegration WatchKit Extension.appex */,
			);
			name = Products;
			sourceTree = "<group>";
		};
		A17C6F7327A9B19400AC62AA /* Weather displayer */ = {
			isa = PBXGroup;
			children = (
				A17C6F7427A9B19400AC62AA /* Weather_displayerApp.swift */,
				A17C6F8827A9B70200AC62AA /* Models */,
				A17C6F8427A9B5F600AC62AA /* Screens */,
				A17C6F8527A9B60800AC62AA /* Views */,
				A17C6F8727A9B6D700AC62AA /* Managers */,
				A17C6F7827A9B19500AC62AA /* Assets.xcassets */,
				A17C6F7A27A9B19500AC62AA /* Preview Content */,
			);
			path = "Weather displayer";
			sourceTree = "<group>";
		};
		A17C6F7A27A9B19500AC62AA /* Preview Content */ = {
			isa = PBXGroup;
			children = (
				A17C6F7B27A9B19500AC62AA /* Preview Assets.xcassets */,
			);
			path = "Preview Content";
			sourceTree = "<group>";
		};
		A17C6F8427A9B5F600AC62AA /* Screens */ = {
			isa = PBXGroup;
			children = (
				A17C6F8627A9B64F00AC62AA /* WeatherView */,
				A11A44C527B85EF600094284 /* WeatherDetailsView */,
			);
			path = Screens;
			sourceTree = "<group>";
		};
		A17C6F8527A9B60800AC62AA /* Views */ = {
			isa = PBXGroup;
			children = (
				A175F2C427AAC9880085C17D /* CityTextView.swift */,
				A175F2C627AAC9BF0085C17D /* MainWeatherIconView.swift */,
				A175F2C227AAC9450085C17D /* WeatherDayView.swift */,
				A17C6F8227A9B1CA00AC62AA /* WeatherButtonView.swift */,
				A175F2C827AAC9FC0085C17D /* BackgroundView.swift */,
				A1E402FB27B6F7A1006B55DD /* WeatherDetailsViewElement.swift */,
			);
			path = Views;
			sourceTree = "<group>";
		};
		A17C6F8627A9B64F00AC62AA /* WeatherView */ = {
			isa = PBXGroup;
			children = (
				A17C6F7627A9B19400AC62AA /* WeatherView.swift */,
				A17C6F8927A9B76700AC62AA /* WeatherViewModel.swift */,
			);
			path = WeatherView;
			sourceTree = "<group>";
		};
		A17C6F8727A9B6D700AC62AA /* Managers */ = {
			isa = PBXGroup;
			children = (
				A17C6F8D27A9CAA400AC62AA /* DownloadDataManager.swift */,
			);
			path = Managers;
			sourceTree = "<group>";
		};
		A17C6F8827A9B70200AC62AA /* Models */ = {
			isa = PBXGroup;
			children = (
				A17C6F8B27A9B7B400AC62AA /* WeatherData.swift */,
				A1E402F727B6D90B006B55DD /* Day.swift */,
				A17C6F8F27A9D8FF00AC62AA /* WeatherIcons.swift */,
			);
			path = Models;
			sourceTree = "<group>";
		};
		A1A87A9827BC23EC0086807B /* WatchIntegration */ = {
			isa = PBXGroup;
			children = (
				A1A87A9927BC23EF0086807B /* Assets.xcassets */,
			);
			path = WatchIntegration;
			sourceTree = "<group>";
		};
		A1A87AA327BC23EF0086807B /* WatchIntegration WatchKit Extension */ = {
			isa = PBXGroup;
			children = (
				A1A87AA627BC23EF0086807B /* Weather_displayerApp.swift */,
				A1A87ABF27BC26770086807B /* Screens */,
				A1A87AC227BC2D050086807B /* View */,
				A1A87AA827BC23EF0086807B /* ComplicationController.swift */,
				A1A87AAA27BC23F00086807B /* Assets.xcassets */,
				A1A87AAF27BC23F00086807B /* Info.plist */,
				A1A87AAC27BC23F00086807B /* Preview Content */,
			);
			path = "WatchIntegration WatchKit Extension";
			sourceTree = "<group>";
		};
		A1A87AAC27BC23F00086807B /* Preview Content */ = {
			isa = PBXGroup;
			children = (
				A1A87AAD27BC23F00086807B /* Preview Assets.xcassets */,
			);
			path = "Preview Content";
			sourceTree = "<group>";
		};
		A1A87ABF27BC26770086807B /* Screens */ = {
			isa = PBXGroup;
			children = (
				A1A87AA427BC23EF0086807B /* WeatherView.swift */,
				A1A87AC027BC26E20086807B /* WeatherViewModel.swift */,
			);
			path = Screens;
			sourceTree = "<group>";
		};
		A1A87AC227BC2D050086807B /* View */ = {
			isa = PBXGroup;
			children = (
				A1A87AC327BC2D380086807B /* WeatherDataElement.swift */,
			);
			path = View;
			sourceTree = "<group>";
		};
/* End PBXGroup section */

/* Begin PBXNativeTarget section */
		A11A44B927B8568E00094284 /* Weather displayerTests */ = {
			isa = PBXNativeTarget;
			buildConfigurationList = A11A44C227B8568E00094284 /* Build configuration list for PBXNativeTarget "Weather displayerTests" */;
			buildPhases = (
				A11A44B627B8568E00094284 /* Sources */,
				A11A44B727B8568E00094284 /* Frameworks */,
				A11A44B827B8568E00094284 /* Resources */,
			);
			buildRules = (
			);
			dependencies = (
				A11A44BF27B8568E00094284 /* PBXTargetDependency */,
			);
			name = "Weather displayerTests";
			productName = "Weather displayerTests";
			productReference = A11A44BA27B8568E00094284 /* Weather displayerTests.xctest */;
			productType = "com.apple.product-type.bundle.unit-test";
		};
		A17C6F7027A9B19400AC62AA /* Weather displayer */ = {
			isa = PBXNativeTarget;
			buildConfigurationList = A17C6F7F27A9B19500AC62AA /* Build configuration list for PBXNativeTarget "Weather displayer" */;
			buildPhases = (
				A17C6F6D27A9B19400AC62AA /* Sources */,
				A17C6F6E27A9B19400AC62AA /* Frameworks */,
				A17C6F6F27A9B19400AC62AA /* Resources */,
				A1A87AB327BC23F00086807B /* Embed Watch Content */,
			);
			buildRules = (
			);
			dependencies = (
				A1A87AB127BC23F00086807B /* PBXTargetDependency */,
			);
			name = "Weather displayer";
			productName = "Weather displayer";
			productReference = A17C6F7127A9B19400AC62AA /* Weather displayer.app */;
			productType = "com.apple.product-type.application";
		};
		A1A87A9627BC23EC0086807B /* WatchIntegration */ = {
			isa = PBXNativeTarget;
			buildConfigurationList = A1A87ABA27BC23F00086807B /* Build configuration list for PBXNativeTarget "WatchIntegration" */;
			buildPhases = (
				A1A87A9527BC23EC0086807B /* Resources */,
				A1A87AB627BC23F00086807B /* Embed App Extensions */,
			);
			buildRules = (
			);
			dependencies = (
				A1A87AA227BC23EF0086807B /* PBXTargetDependency */,
			);
			name = WatchIntegration;
			productName = WatchIntegration;
			productReference = A1A87A9727BC23EC0086807B /* WatchIntegration.app */;
			productType = "com.apple.product-type.application.watchapp2";
		};
		A1A87A9E27BC23EF0086807B /* WatchIntegration WatchKit Extension */ = {
			isa = PBXNativeTarget;
			buildConfigurationList = A1A87AB927BC23F00086807B /* Build configuration list for PBXNativeTarget "WatchIntegration WatchKit Extension" */;
			buildPhases = (
				A1A87A9B27BC23EF0086807B /* Sources */,
				A1A87A9C27BC23EF0086807B /* Frameworks */,
				A1A87A9D27BC23EF0086807B /* Resources */,
			);
			buildRules = (
			);
			dependencies = (
			);
			name = "WatchIntegration WatchKit Extension";
			productName = "WatchIntegration WatchKit Extension";
			productReference = A1A87A9F27BC23EF0086807B /* WatchIntegration WatchKit Extension.appex */;
			productType = "com.apple.product-type.watchkit2-extension";
		};
/* End PBXNativeTarget section */

/* Begin PBXProject section */
		A17C6F6927A9B19400AC62AA /* Project object */ = {
			isa = PBXProject;
			attributes = {
				BuildIndependentTargetsInParallel = 1;
				LastSwiftUpdateCheck = 1320;
				LastUpgradeCheck = 1320;
				TargetAttributes = {
					A11A44B927B8568E00094284 = {
						CreatedOnToolsVersion = 13.2;
						TestTargetID = A17C6F7027A9B19400AC62AA;
					};
					A17C6F7027A9B19400AC62AA = {
						CreatedOnToolsVersion = 13.2;
					};
					A1A87A9627BC23EC0086807B = {
						CreatedOnToolsVersion = 13.2;
					};
					A1A87A9E27BC23EF0086807B = {
						CreatedOnToolsVersion = 13.2;
					};
				};
			};
			buildConfigurationList = A17C6F6C27A9B19400AC62AA /* Build configuration list for PBXProject "Weather displayer" */;
			compatibilityVersion = "Xcode 13.0";
			developmentRegion = en;
			hasScannedForEncodings = 0;
			knownRegions = (
				en,
				Base,
			);
			mainGroup = A17C6F6827A9B19400AC62AA;
			productRefGroup = A17C6F7227A9B19400AC62AA /* Products */;
			projectDirPath = "";
			projectRoot = "";
			targets = (
				A17C6F7027A9B19400AC62AA /* Weather displayer */,
				A11A44B927B8568E00094284 /* Weather displayerTests */,
				A1A87A9627BC23EC0086807B /* WatchIntegration */,
				A1A87A9E27BC23EF0086807B /* WatchIntegration WatchKit Extension */,
			);
		};
/* End PBXProject section */

/* Begin PBXResourcesBuildPhase section */
		A11A44B827B8568E00094284 /* Resources */ = {
			isa = PBXResourcesBuildPhase;
			buildActionMask = 2147483647;
			files = (
			);
			runOnlyForDeploymentPostprocessing = 0;
		};
		A17C6F6F27A9B19400AC62AA /* Resources */ = {
			isa = PBXResourcesBuildPhase;
			buildActionMask = 2147483647;
			files = (
				A17C6F7C27A9B19500AC62AA /* Preview Assets.xcassets in Resources */,
				A17C6F7927A9B19500AC62AA /* Assets.xcassets in Resources */,
			);
			runOnlyForDeploymentPostprocessing = 0;
		};
		A1A87A9527BC23EC0086807B /* Resources */ = {
			isa = PBXResourcesBuildPhase;
			buildActionMask = 2147483647;
			files = (
				A1A87A9A27BC23EF0086807B /* Assets.xcassets in Resources */,
			);
			runOnlyForDeploymentPostprocessing = 0;
		};
		A1A87A9D27BC23EF0086807B /* Resources */ = {
			isa = PBXResourcesBuildPhase;
			buildActionMask = 2147483647;
			files = (
				A1A87AAE27BC23F00086807B /* Preview Assets.xcassets in Resources */,
				A1A87AAB27BC23F00086807B /* Assets.xcassets in Resources */,
			);
			runOnlyForDeploymentPostprocessing = 0;
		};
/* End PBXResourcesBuildPhase section */

/* Begin PBXSourcesBuildPhase section */
		A11A44B627B8568E00094284 /* Sources */ = {
			isa = PBXSourcesBuildPhase;
			buildActionMask = 2147483647;
			files = (
				A11A44C427B85A9F00094284 /* DayTests.swift in Sources */,
				A11A44C927B866E600094284 /* DownloadDataManagerTests.swift in Sources */,
				A11A44BD27B8568E00094284 /* WeatherDataTests.swift in Sources */,
			);
			runOnlyForDeploymentPostprocessing = 0;
		};
		A17C6F6D27A9B19400AC62AA /* Sources */ = {
			isa = PBXSourcesBuildPhase;
			buildActionMask = 2147483647;
			files = (
				A175F2C327AAC9450085C17D /* WeatherDayView.swift in Sources */,
				A17C6F7727A9B19400AC62AA /* WeatherView.swift in Sources */,
				A1E402F827B6D90B006B55DD /* Day.swift in Sources */,
				A1E402FA27B6ED55006B55DD /* WeatherDetailsView.swift in Sources */,
				A175F2C927AAC9FC0085C17D /* BackgroundView.swift in Sources */,
				A175F2C527AAC9880085C17D /* CityTextView.swift in Sources */,
				A175F2C727AAC9BF0085C17D /* MainWeatherIconView.swift in Sources */,
				A17C6F8E27A9CAA400AC62AA /* DownloadDataManager.swift in Sources */,
				A17C6F8C27A9B7B400AC62AA /* WeatherData.swift in Sources */,
				A17C6F9027A9D8FF00AC62AA /* WeatherIcons.swift in Sources */,
				A17C6F8A27A9B76700AC62AA /* WeatherViewModel.swift in Sources */,
				A11A44C727B85F1A00094284 /* WeatherDetailsViewModel.swift in Sources */,
				A17C6F8327A9B1CA00AC62AA /* WeatherButtonView.swift in Sources */,
				A17C6F7527A9B19400AC62AA /* Weather_displayerApp.swift in Sources */,
				A1E402FC27B6F7A1006B55DD /* WeatherDetailsViewElement.swift in Sources */,
			);
			runOnlyForDeploymentPostprocessing = 0;
		};
		A1A87A9B27BC23EF0086807B /* Sources */ = {
			isa = PBXSourcesBuildPhase;
			buildActionMask = 2147483647;
			files = (
				A1A87ABC27BC24AC0086807B /* WeatherData.swift in Sources */,
				A1A87AC427BC2D380086807B /* WeatherDataElement.swift in Sources */,
				A1A87ABD27BC24AC0086807B /* Day.swift in Sources */,
				A1A87ABE27BC24AC0086807B /* WeatherIcons.swift in Sources */,
				A1A87ABB27BC24540086807B /* DownloadDataManager.swift in Sources */,
				A1A87AA727BC23EF0086807B /* Weather_displayerApp.swift in Sources */,
				A1A87AC127BC26E20086807B /* WeatherViewModel.swift in Sources */,
				A1A87AA527BC23EF0086807B /* WeatherView.swift in Sources */,
				A1A87AA927BC23EF0086807B /* ComplicationController.swift in Sources */,
			);
			runOnlyForDeploymentPostprocessing = 0;
		};
/* End PBXSourcesBuildPhase section */

/* Begin PBXTargetDependency section */
		A11A44BF27B8568E00094284 /* PBXTargetDependency */ = {
			isa = PBXTargetDependency;
			target = A17C6F7027A9B19400AC62AA /* Weather displayer */;
			targetProxy = A11A44BE27B8568E00094284 /* PBXContainerItemProxy */;
		};
		A1A87AA227BC23EF0086807B /* PBXTargetDependency */ = {
			isa = PBXTargetDependency;
			target = A1A87A9E27BC23EF0086807B /* WatchIntegration WatchKit Extension */;
			targetProxy = A1A87AA127BC23EF0086807B /* PBXContainerItemProxy */;
		};
		A1A87AB127BC23F00086807B /* PBXTargetDependency */ = {
			isa = PBXTargetDependency;
			target = A1A87A9627BC23EC0086807B /* WatchIntegration */;
			targetProxy = A1A87AB027BC23F00086807B /* PBXContainerItemProxy */;
		};
/* End PBXTargetDependency section */

/* Begin XCBuildConfiguration section */
		A11A44C027B8568E00094284 /* Debug */ = {
			isa = XCBuildConfiguration;
			buildSettings = {
				BUNDLE_LOADER = "$(TEST_HOST)";
				CODE_SIGN_STYLE = Automatic;
				CURRENT_PROJECT_VERSION = 1;
				DEVELOPMENT_TEAM = 7F47MKWBPJ;
				GENERATE_INFOPLIST_FILE = YES;
				MARKETING_VERSION = 1.0;
				PRODUCT_BUNDLE_IDENTIFIER = "federicoimberti.Weather-displayerTests";
				PRODUCT_NAME = "$(TARGET_NAME)";
				SWIFT_EMIT_LOC_STRINGS = NO;
				SWIFT_VERSION = 5.0;
				TARGETED_DEVICE_FAMILY = "1,2";
				TEST_HOST = "$(BUILT_PRODUCTS_DIR)/Weather displayer.app/Weather displayer";
			};
			name = Debug;
		};
		A11A44C127B8568E00094284 /* Release */ = {
			isa = XCBuildConfiguration;
			buildSettings = {
				BUNDLE_LOADER = "$(TEST_HOST)";
				CODE_SIGN_STYLE = Automatic;
				CURRENT_PROJECT_VERSION = 1;
				DEVELOPMENT_TEAM = 7F47MKWBPJ;
				GENERATE_INFOPLIST_FILE = YES;
				MARKETING_VERSION = 1.0;
				PRODUCT_BUNDLE_IDENTIFIER = "federicoimberti.Weather-displayerTests";
				PRODUCT_NAME = "$(TARGET_NAME)";
				SWIFT_EMIT_LOC_STRINGS = NO;
				SWIFT_VERSION = 5.0;
				TARGETED_DEVICE_FAMILY = "1,2";
				TEST_HOST = "$(BUILT_PRODUCTS_DIR)/Weather displayer.app/Weather displayer";
			};
			name = Release;
		};
		A17C6F7D27A9B19500AC62AA /* Debug */ = {
			isa = XCBuildConfiguration;
			buildSettings = {
				ALWAYS_SEARCH_USER_PATHS = NO;
				CLANG_ANALYZER_NONNULL = YES;
				CLANG_ANALYZER_NUMBER_OBJECT_CONVERSION = YES_AGGRESSIVE;
				CLANG_CXX_LANGUAGE_STANDARD = "gnu++17";
				CLANG_CXX_LIBRARY = "libc++";
				CLANG_ENABLE_MODULES = YES;
				CLANG_ENABLE_OBJC_ARC = YES;
				CLANG_ENABLE_OBJC_WEAK = YES;
				CLANG_WARN_BLOCK_CAPTURE_AUTORELEASING = YES;
				CLANG_WARN_BOOL_CONVERSION = YES;
				CLANG_WARN_COMMA = YES;
				CLANG_WARN_CONSTANT_CONVERSION = YES;
				CLANG_WARN_DEPRECATED_OBJC_IMPLEMENTATIONS = YES;
				CLANG_WARN_DIRECT_OBJC_ISA_USAGE = YES_ERROR;
				CLANG_WARN_DOCUMENTATION_COMMENTS = YES;
				CLANG_WARN_EMPTY_BODY = YES;
				CLANG_WARN_ENUM_CONVERSION = YES;
				CLANG_WARN_INFINITE_RECURSION = YES;
				CLANG_WARN_INT_CONVERSION = YES;
				CLANG_WARN_NON_LITERAL_NULL_CONVERSION = YES;
				CLANG_WARN_OBJC_IMPLICIT_RETAIN_SELF = YES;
				CLANG_WARN_OBJC_LITERAL_CONVERSION = YES;
				CLANG_WARN_OBJC_ROOT_CLASS = YES_ERROR;
				CLANG_WARN_QUOTED_INCLUDE_IN_FRAMEWORK_HEADER = YES;
				CLANG_WARN_RANGE_LOOP_ANALYSIS = YES;
				CLANG_WARN_STRICT_PROTOTYPES = YES;
				CLANG_WARN_SUSPICIOUS_MOVE = YES;
				CLANG_WARN_UNGUARDED_AVAILABILITY = YES_AGGRESSIVE;
				CLANG_WARN_UNREACHABLE_CODE = YES;
				CLANG_WARN__DUPLICATE_METHOD_MATCH = YES;
				COPY_PHASE_STRIP = NO;
				DEBUG_INFORMATION_FORMAT = dwarf;
				ENABLE_STRICT_OBJC_MSGSEND = YES;
				ENABLE_TESTABILITY = YES;
				GCC_C_LANGUAGE_STANDARD = gnu11;
				GCC_DYNAMIC_NO_PIC = NO;
				GCC_NO_COMMON_BLOCKS = YES;
				GCC_OPTIMIZATION_LEVEL = 0;
				GCC_PREPROCESSOR_DEFINITIONS = (
					"DEBUG=1",
					"$(inherited)",
				);
				GCC_WARN_64_TO_32_BIT_CONVERSION = YES;
				GCC_WARN_ABOUT_RETURN_TYPE = YES_ERROR;
				GCC_WARN_UNDECLARED_SELECTOR = YES;
				GCC_WARN_UNINITIALIZED_AUTOS = YES_AGGRESSIVE;
				GCC_WARN_UNUSED_FUNCTION = YES;
				GCC_WARN_UNUSED_VARIABLE = YES;
				IPHONEOS_DEPLOYMENT_TARGET = 15.2;
				MTL_ENABLE_DEBUG_INFO = INCLUDE_SOURCE;
				MTL_FAST_MATH = YES;
				ONLY_ACTIVE_ARCH = YES;
				SDKROOT = iphoneos;
				SWIFT_ACTIVE_COMPILATION_CONDITIONS = DEBUG;
				SWIFT_OPTIMIZATION_LEVEL = "-Onone";
			};
			name = Debug;
		};
		A17C6F7E27A9B19500AC62AA /* Release */ = {
			isa = XCBuildConfiguration;
			buildSettings = {
				ALWAYS_SEARCH_USER_PATHS = NO;
				CLANG_ANALYZER_NONNULL = YES;
				CLANG_ANALYZER_NUMBER_OBJECT_CONVERSION = YES_AGGRESSIVE;
				CLANG_CXX_LANGUAGE_STANDARD = "gnu++17";
				CLANG_CXX_LIBRARY = "libc++";
				CLANG_ENABLE_MODULES = YES;
				CLANG_ENABLE_OBJC_ARC = YES;
				CLANG_ENABLE_OBJC_WEAK = YES;
				CLANG_WARN_BLOCK_CAPTURE_AUTORELEASING = YES;
				CLANG_WARN_BOOL_CONVERSION = YES;
				CLANG_WARN_COMMA = YES;
				CLANG_WARN_CONSTANT_CONVERSION = YES;
				CLANG_WARN_DEPRECATED_OBJC_IMPLEMENTATIONS = YES;
				CLANG_WARN_DIRECT_OBJC_ISA_USAGE = YES_ERROR;
				CLANG_WARN_DOCUMENTATION_COMMENTS = YES;
				CLANG_WARN_EMPTY_BODY = YES;
				CLANG_WARN_ENUM_CONVERSION = YES;
				CLANG_WARN_INFINITE_RECURSION = YES;
				CLANG_WARN_INT_CONVERSION = YES;
				CLANG_WARN_NON_LITERAL_NULL_CONVERSION = YES;
				CLANG_WARN_OBJC_IMPLICIT_RETAIN_SELF = YES;
				CLANG_WARN_OBJC_LITERAL_CONVERSION = YES;
				CLANG_WARN_OBJC_ROOT_CLASS = YES_ERROR;
				CLANG_WARN_QUOTED_INCLUDE_IN_FRAMEWORK_HEADER = YES;
				CLANG_WARN_RANGE_LOOP_ANALYSIS = YES;
				CLANG_WARN_STRICT_PROTOTYPES = YES;
				CLANG_WARN_SUSPICIOUS_MOVE = YES;
				CLANG_WARN_UNGUARDED_AVAILABILITY = YES_AGGRESSIVE;
				CLANG_WARN_UNREACHABLE_CODE = YES;
				CLANG_WARN__DUPLICATE_METHOD_MATCH = YES;
				COPY_PHASE_STRIP = NO;
				DEBUG_INFORMATION_FORMAT = "dwarf-with-dsym";
				ENABLE_NS_ASSERTIONS = NO;
				ENABLE_STRICT_OBJC_MSGSEND = YES;
				GCC_C_LANGUAGE_STANDARD = gnu11;
				GCC_NO_COMMON_BLOCKS = YES;
				GCC_WARN_64_TO_32_BIT_CONVERSION = YES;
				GCC_WARN_ABOUT_RETURN_TYPE = YES_ERROR;
				GCC_WARN_UNDECLARED_SELECTOR = YES;
				GCC_WARN_UNINITIALIZED_AUTOS = YES_AGGRESSIVE;
				GCC_WARN_UNUSED_FUNCTION = YES;
				GCC_WARN_UNUSED_VARIABLE = YES;
				IPHONEOS_DEPLOYMENT_TARGET = 15.2;
				MTL_ENABLE_DEBUG_INFO = NO;
				MTL_FAST_MATH = YES;
				SDKROOT = iphoneos;
				SWIFT_COMPILATION_MODE = wholemodule;
				SWIFT_OPTIMIZATION_LEVEL = "-O";
				VALIDATE_PRODUCT = YES;
			};
			name = Release;
		};
		A17C6F8027A9B19500AC62AA /* Debug */ = {
			isa = XCBuildConfiguration;
			buildSettings = {
				ASSETCATALOG_COMPILER_APPICON_NAME = AppIcon;
				ASSETCATALOG_COMPILER_GLOBAL_ACCENT_COLOR_NAME = AccentColor;
				CODE_SIGN_STYLE = Automatic;
				CURRENT_PROJECT_VERSION = 1;
				DEVELOPMENT_ASSET_PATHS = "\"Weather displayer/Preview Content\"";
				DEVELOPMENT_TEAM = 7F47MKWBPJ;
				ENABLE_PREVIEWS = YES;
				GENERATE_INFOPLIST_FILE = YES;
				INFOPLIST_KEY_UIApplicationSceneManifest_Generation = YES;
				INFOPLIST_KEY_UIApplicationSupportsIndirectInputEvents = YES;
				INFOPLIST_KEY_UILaunchScreen_Generation = YES;
				INFOPLIST_KEY_UISupportedInterfaceOrientations_iPad = "UIInterfaceOrientationPortrait UIInterfaceOrientationPortraitUpsideDown UIInterfaceOrientationLandscapeLeft UIInterfaceOrientationLandscapeRight";
				INFOPLIST_KEY_UISupportedInterfaceOrientations_iPhone = "UIInterfaceOrientationPortrait UIInterfaceOrientationLandscapeLeft UIInterfaceOrientationLandscapeRight";
				LD_RUNPATH_SEARCH_PATHS = (
					"$(inherited)",
					"@executable_path/Frameworks",
				);
				MARKETING_VERSION = 1.0;
				PRODUCT_BUNDLE_IDENTIFIER = "federicoimberti.Weather-displayer";
				PRODUCT_NAME = "$(TARGET_NAME)";
				SWIFT_EMIT_LOC_STRINGS = YES;
				SWIFT_VERSION = 5.0;
				TARGETED_DEVICE_FAMILY = "1,2";
			};
			name = Debug;
		};
		A17C6F8127A9B19500AC62AA /* Release */ = {
			isa = XCBuildConfiguration;
			buildSettings = {
				ASSETCATALOG_COMPILER_APPICON_NAME = AppIcon;
				ASSETCATALOG_COMPILER_GLOBAL_ACCENT_COLOR_NAME = AccentColor;
				CODE_SIGN_STYLE = Automatic;
				CURRENT_PROJECT_VERSION = 1;
				DEVELOPMENT_ASSET_PATHS = "\"Weather displayer/Preview Content\"";
				DEVELOPMENT_TEAM = 7F47MKWBPJ;
				ENABLE_PREVIEWS = YES;
				GENERATE_INFOPLIST_FILE = YES;
				INFOPLIST_KEY_UIApplicationSceneManifest_Generation = YES;
				INFOPLIST_KEY_UIApplicationSupportsIndirectInputEvents = YES;
				INFOPLIST_KEY_UILaunchScreen_Generation = YES;
				INFOPLIST_KEY_UISupportedInterfaceOrientations_iPad = "UIInterfaceOrientationPortrait UIInterfaceOrientationPortraitUpsideDown UIInterfaceOrientationLandscapeLeft UIInterfaceOrientationLandscapeRight";
				INFOPLIST_KEY_UISupportedInterfaceOrientations_iPhone = "UIInterfaceOrientationPortrait UIInterfaceOrientationLandscapeLeft UIInterfaceOrientationLandscapeRight";
				LD_RUNPATH_SEARCH_PATHS = (
					"$(inherited)",
					"@executable_path/Frameworks",
				);
				MARKETING_VERSION = 1.0;
				PRODUCT_BUNDLE_IDENTIFIER = "federicoimberti.Weather-displayer";
				PRODUCT_NAME = "$(TARGET_NAME)";
				SWIFT_EMIT_LOC_STRINGS = YES;
				SWIFT_VERSION = 5.0;
				TARGETED_DEVICE_FAMILY = "1,2";
			};
			name = Release;
		};
		A1A87AB427BC23F00086807B /* Debug */ = {
			isa = XCBuildConfiguration;
			buildSettings = {
				ALWAYS_EMBED_SWIFT_STANDARD_LIBRARIES = YES;
				ASSETCATALOG_COMPILER_APPICON_NAME = AppIcon;
				ASSETCATALOG_COMPILER_GLOBAL_ACCENT_COLOR_NAME = AccentColor;
				CODE_SIGN_STYLE = Automatic;
				CURRENT_PROJECT_VERSION = 1;
				DEVELOPMENT_TEAM = 7F47MKWBPJ;
				GENERATE_INFOPLIST_FILE = YES;
				IBSC_MODULE = WatchIntegration_WatchKit_Extension;
				INFOPLIST_KEY_CFBundleDisplayName = WatchIntegration;
				INFOPLIST_KEY_UISupportedInterfaceOrientations = "UIInterfaceOrientationPortrait UIInterfaceOrientationPortraitUpsideDown";
				INFOPLIST_KEY_WKCompanionAppBundleIdentifier = "federicoimberti.Weather-displayer";
				MARKETING_VERSION = 1.0;
				PRODUCT_BUNDLE_IDENTIFIER = "federicoimberti.Weather-displayer.watchkitapp";
				PRODUCT_NAME = "$(TARGET_NAME)";
				SDKROOT = watchos;
				SKIP_INSTALL = YES;
				SWIFT_EMIT_LOC_STRINGS = YES;
				SWIFT_VERSION = 5.0;
				TARGETED_DEVICE_FAMILY = 4;
				WATCHOS_DEPLOYMENT_TARGET = 8.3;
			};
			name = Debug;
		};
		A1A87AB527BC23F00086807B /* Release */ = {
			isa = XCBuildConfiguration;
			buildSettings = {
				ALWAYS_EMBED_SWIFT_STANDARD_LIBRARIES = YES;
				ASSETCATALOG_COMPILER_APPICON_NAME = AppIcon;
				ASSETCATALOG_COMPILER_GLOBAL_ACCENT_COLOR_NAME = AccentColor;
				CODE_SIGN_STYLE = Automatic;
				CURRENT_PROJECT_VERSION = 1;
				DEVELOPMENT_TEAM = 7F47MKWBPJ;
				GENERATE_INFOPLIST_FILE = YES;
				IBSC_MODULE = WatchIntegration_WatchKit_Extension;
				INFOPLIST_KEY_CFBundleDisplayName = WatchIntegration;
				INFOPLIST_KEY_UISupportedInterfaceOrientations = "UIInterfaceOrientationPortrait UIInterfaceOrientationPortraitUpsideDown";
				INFOPLIST_KEY_WKCompanionAppBundleIdentifier = "federicoimberti.Weather-displayer";
				MARKETING_VERSION = 1.0;
				PRODUCT_BUNDLE_IDENTIFIER = "federicoimberti.Weather-displayer.watchkitapp";
				PRODUCT_NAME = "$(TARGET_NAME)";
				SDKROOT = watchos;
				SKIP_INSTALL = YES;
				SWIFT_EMIT_LOC_STRINGS = YES;
				SWIFT_VERSION = 5.0;
				TARGETED_DEVICE_FAMILY = 4;
				WATCHOS_DEPLOYMENT_TARGET = 8.3;
			};
			name = Release;
		};
		A1A87AB727BC23F00086807B /* Debug */ = {
			isa = XCBuildConfiguration;
			buildSettings = {
				ASSETCATALOG_COMPILER_COMPLICATION_NAME = Complication;
				CODE_SIGN_STYLE = Automatic;
				CURRENT_PROJECT_VERSION = 1;
				DEVELOPMENT_ASSET_PATHS = "\"WatchIntegration WatchKit Extension/Preview Content\"";
				DEVELOPMENT_TEAM = 7F47MKWBPJ;
				ENABLE_PREVIEWS = YES;
				GENERATE_INFOPLIST_FILE = YES;
				INFOPLIST_FILE = "WatchIntegration WatchKit Extension/Info.plist";
				INFOPLIST_KEY_CFBundleDisplayName = "WatchIntegration WatchKit Extension";
				INFOPLIST_KEY_CLKComplicationPrincipalClass = "$(PRODUCT_MODULE_NAME).ComplicationController";
				INFOPLIST_KEY_NSHumanReadableCopyright = "";
				LD_RUNPATH_SEARCH_PATHS = (
					"$(inherited)",
					"@executable_path/Frameworks",
					"@executable_path/../../Frameworks",
				);
				MARKETING_VERSION = 1.0;
				PRODUCT_BUNDLE_IDENTIFIER = "federicoimberti.Weather-displayer.watchkitapp.watchkitextension";
				PRODUCT_NAME = "${TARGET_NAME}";
				SDKROOT = watchos;
				SKIP_INSTALL = YES;
				SWIFT_EMIT_LOC_STRINGS = YES;
				SWIFT_VERSION = 5.0;
				TARGETED_DEVICE_FAMILY = 4;
				WATCHOS_DEPLOYMENT_TARGET = 8.3;
			};
			name = Debug;
		};
		A1A87AB827BC23F00086807B /* Release */ = {
			isa = XCBuildConfiguration;
			buildSettings = {
				ASSETCATALOG_COMPILER_COMPLICATION_NAME = Complication;
				CODE_SIGN_STYLE = Automatic;
				CURRENT_PROJECT_VERSION = 1;
				DEVELOPMENT_ASSET_PATHS = "\"WatchIntegration WatchKit Extension/Preview Content\"";
				DEVELOPMENT_TEAM = 7F47MKWBPJ;
				ENABLE_PREVIEWS = YES;
				GENERATE_INFOPLIST_FILE = YES;
				INFOPLIST_FILE = "WatchIntegration WatchKit Extension/Info.plist";
				INFOPLIST_KEY_CFBundleDisplayName = "WatchIntegration WatchKit Extension";
				INFOPLIST_KEY_CLKComplicationPrincipalClass = "$(PRODUCT_MODULE_NAME).ComplicationController";
				INFOPLIST_KEY_NSHumanReadableCopyright = "";
				LD_RUNPATH_SEARCH_PATHS = (
					"$(inherited)",
					"@executable_path/Frameworks",
					"@executable_path/../../Frameworks",
				);
				MARKETING_VERSION = 1.0;
				PRODUCT_BUNDLE_IDENTIFIER = "federicoimberti.Weather-displayer.watchkitapp.watchkitextension";
				PRODUCT_NAME = "${TARGET_NAME}";
				SDKROOT = watchos;
				SKIP_INSTALL = YES;
				SWIFT_EMIT_LOC_STRINGS = YES;
				SWIFT_VERSION = 5.0;
				TARGETED_DEVICE_FAMILY = 4;
				WATCHOS_DEPLOYMENT_TARGET = 8.3;
			};
			name = Release;
		};
/* End XCBuildConfiguration section */

/* Begin XCConfigurationList section */
		A11A44C227B8568E00094284 /* Build configuration list for PBXNativeTarget "Weather displayerTests" */ = {
			isa = XCConfigurationList;
			buildConfigurations = (
				A11A44C027B8568E00094284 /* Debug */,
				A11A44C127B8568E00094284 /* Release */,
			);
			defaultConfigurationIsVisible = 0;
			defaultConfigurationName = Release;
		};
		A17C6F6C27A9B19400AC62AA /* Build configuration list for PBXProject "Weather displayer" */ = {
			isa = XCConfigurationList;
			buildConfigurations = (
				A17C6F7D27A9B19500AC62AA /* Debug */,
				A17C6F7E27A9B19500AC62AA /* Release */,
			);
			defaultConfigurationIsVisible = 0;
			defaultConfigurationName = Release;
		};
		A17C6F7F27A9B19500AC62AA /* Build configuration list for PBXNativeTarget "Weather displayer" */ = {
			isa = XCConfigurationList;
			buildConfigurations = (
				A17C6F8027A9B19500AC62AA /* Debug */,
				A17C6F8127A9B19500AC62AA /* Release */,
			);
			defaultConfigurationIsVisible = 0;
			defaultConfigurationName = Release;
		};
		A1A87AB927BC23F00086807B /* Build configuration list for PBXNativeTarget "WatchIntegration WatchKit Extension" */ = {
			isa = XCConfigurationList;
			buildConfigurations = (
				A1A87AB727BC23F00086807B /* Debug */,
				A1A87AB827BC23F00086807B /* Release */,
			);
			defaultConfigurationIsVisible = 0;
			defaultConfigurationName = Release;
		};
		A1A87ABA27BC23F00086807B /* Build configuration list for PBXNativeTarget "WatchIntegration" */ = {
			isa = XCConfigurationList;
			buildConfigurations = (
				A1A87AB427BC23F00086807B /* Debug */,
				A1A87AB527BC23F00086807B /* Release */,
			);
			defaultConfigurationIsVisible = 0;
			defaultConfigurationName = Release;
		};
/* End XCConfigurationList section */
	};
	rootObject = A17C6F6927A9B19400AC62AA /* Project object */;
}
